
Microsoft Visual Studio Solution File, Format Version 12.00
# Visual Studio Version 17
VisualStudioVersion = 17.3.32922.545
MinimumVisualStudioVersion = 10.0.40219.1
Project("{8BC9CEB8-8B4A-11D0-8D11-00A0C91BC942}") = "opengl_engine", "opengl_engine\opengl_engine.vcxproj", "{7BDF02E2-AB62-4176-987F-2C2B99391124}"
EndProject
Global
	GlobalSection(SolutionConfigurationPlatforms) = preSolution
		Debug|x64 = Debug|x64
		Debug|x86 = Debug|x86
		Release|x64 = Release|x64
		Release|x86 = Release|x86
	EndGlobalSection
	GlobalSection(ProjectConfigurationPlatforms) = postSolution
		{7BDF02E2-AB62-4176-987F-2C2B99391124}.Debug|x64.ActiveCfg = Debug|x64
		{7BDF02E2-AB62-4176-987F-2C2B99391124}.Debug|x64.Build.0 = Debug|x64
		{7BDF02E2-AB62-4176-987F-2C2B99391124}.Debug|x86.ActiveCfg = Debug|Win32
		{7BDF02E2-AB62-4176-987F-2C2B99391124}.Debug|x86.Build.0 = Debug|Win32
		{7BDF02E2-AB62-4176-987F-2C2B99391124}.Release|x64.ActiveCfg = Release|x64
		{7BDF02E2-AB62-4176-987F-2C2B99391124}.Release|x64.Build.0 = Release|x64
		{7BDF02E2-AB62-4176-987F-2C2B99391124}.Release|x86.ActiveCfg = Release|Win32
		{7BDF02E2-AB62-4176-987F-2C2B99391124}.Release|x86.Build.0 = Release|Win32
	EndGlobalSection
	GlobalSection(SolutionProperties) = preSolution
		HideSolutionNode = FALSE
	EndGlobalSection
	GlobalSection(ExtensibilityGlobals) = postSolution
		SolutionGuid = {3912DC78-AC6E-4159-999E-4775F0BFFB2F}
	EndGlobalSection
EndGlobal
